
Microsoft Visual Studio Solution File, Format Version 12.00
# Visual Studio Version 16
VisualStudioVersion = 16.0.31205.134
MinimumVisualStudioVersion = 10.0.40219.1
Project("{FAE04EC0-301F-11D3-BF4B-00C04F79EFBC}") = "EmojiShortcutApp", "EmojiShortcutApp\EmojiShortcutApp.csproj", "{C9DD06DB-9CD1-4908-9345-71822916F623}"
EndProject
Global
	GlobalSection(SolutionConfigurationPlatforms) = preSolution
		Debug|Any CPU = Debug|Any CPU
		Release|Any CPU = Release|Any CPU
	EndGlobalSection
	GlobalSection(ProjectConfigurationPlatforms) = postSolution
		{C9DD06DB-9CD1-4908-9345-71822916F623}.Debug|Any CPU.ActiveCfg = Debug|Any CPU
		{C9DD06DB-9CD1-4908-9345-71822916F623}.Debug|Any CPU.Build.0 = Debug|Any CPU
		{C9DD06DB-9CD1-4908-9345-71822916F623}.Release|Any CPU.ActiveCfg = Release|Any CPU
		{C9DD06DB-9CD1-4908-9345-71822916F623}.Release|Any CPU.Build.0 = Release|Any CPU
	EndGlobalSection
	GlobalSection(SolutionProperties) = preSolution
		HideSolutionNode = FALSE
	EndGlobalSection
	GlobalSection(ExtensibilityGlobals) = postSolution
		SolutionGuid = {181294EC-0A37-45C5-A8BB-714DDA4F6E38}
	EndGlobalSection
EndGlobal
